
Microsoft Visual Studio Solution File, Format Version 12.00
# Visual Studio Version 16
VisualStudioVersion = 16.0.30413.136
MinimumVisualStudioVersion = 10.0.40219.1
Project("{FAE04EC0-301F-11D3-BF4B-00C04F79EFBC}") = "Bankkonto-och-TDD", "Bankkonto-och-TDD\Bankkonto-och-TDD.csproj", "{0729FEAF-361F-4576-8B41-A276C50CA85D}"
EndProject
Project("{FAE04EC0-301F-11D3-BF4B-00C04F79EFBC}") = "Bankkonto-och-TDDTests", "Bankkonto-och-TDDTests\Bankkonto-och-TDDTests.csproj", "{EA438C56-FBBD-4AD4-BD35-D729AD756432}"
EndProject
Global
	GlobalSection(SolutionConfigurationPlatforms) = preSolution
		Debug|Any CPU = Debug|Any CPU
		Release|Any CPU = Release|Any CPU
	EndGlobalSection
	GlobalSection(ProjectConfigurationPlatforms) = postSolution
		{0729FEAF-361F-4576-8B41-A276C50CA85D}.Debug|Any CPU.ActiveCfg = Debug|Any CPU
		{0729FEAF-361F-4576-8B41-A276C50CA85D}.Debug|Any CPU.Build.0 = Debug|Any CPU
		{0729FEAF-361F-4576-8B41-A276C50CA85D}.Release|Any CPU.ActiveCfg = Release|Any CPU
		{0729FEAF-361F-4576-8B41-A276C50CA85D}.Release|Any CPU.Build.0 = Release|Any CPU
		{EA438C56-FBBD-4AD4-BD35-D729AD756432}.Debug|Any CPU.ActiveCfg = Debug|Any CPU
		{EA438C56-FBBD-4AD4-BD35-D729AD756432}.Debug|Any CPU.Build.0 = Debug|Any CPU
		{EA438C56-FBBD-4AD4-BD35-D729AD756432}.Release|Any CPU.ActiveCfg = Release|Any CPU
		{EA438C56-FBBD-4AD4-BD35-D729AD756432}.Release|Any CPU.Build.0 = Release|Any CPU
	EndGlobalSection
	GlobalSection(SolutionProperties) = preSolution
		HideSolutionNode = FALSE
	EndGlobalSection
	GlobalSection(ExtensibilityGlobals) = postSolution
		SolutionGuid = {0C0591B7-C3E4-48EA-B57A-9A6269162D93}
	EndGlobalSection
EndGlobal
